// !$*UTF8*$!
{
	archiveVersion = 1;
	classes = {
	};
	objectVersion = 56;
	objects = {

/* Begin PBXBuildFile section */
		0AF156C72A1567A500B28C3B /* SwiftUIChallengeApp.swift in Sources */ = {isa = PBXBuildFile; fileRef = 0AF156C62A1567A500B28C3B /* SwiftUIChallengeApp.swift */; };
		0AF156C92A1567A500B28C3B /* ContentView.swift in Sources */ = {isa = PBXBuildFile; fileRef = 0AF156C82A1567A500B28C3B /* ContentView.swift */; };
		0AF156CB2A1567A700B28C3B /* Assets.xcassets in Resources */ = {isa = PBXBuildFile; fileRef = 0AF156CA2A1567A700B28C3B /* Assets.xcassets */; };
		0AF156CF2A1567A700B28C3B /* Preview Assets.xcassets in Resources */ = {isa = PBXBuildFile; fileRef = 0AF156CE2A1567A700B28C3B /* Preview Assets.xcassets */; };
		0AF156D92A1567A700B28C3B /* SwiftUIChallengeTests.swift in Sources */ = {isa = PBXBuildFile; fileRef = 0AF156D82A1567A700B28C3B /* SwiftUIChallengeTests.swift */; };
		0AF156E32A1567A700B28C3B /* SwiftUIChallengeUITests.swift in Sources */ = {isa = PBXBuildFile; fileRef = 0AF156E22A1567A700B28C3B /* SwiftUIChallengeUITests.swift */; };
		0AF156E52A1567A700B28C3B /* SwiftUIChallengeUITestsLaunchTests.swift in Sources */ = {isa = PBXBuildFile; fileRef = 0AF156E42A1567A700B28C3B /* SwiftUIChallengeUITestsLaunchTests.swift */; };
		0AF156F22A15692500B28C3B /* Character.swift in Sources */ = {isa = PBXBuildFile; fileRef = 0AF156F12A15692500B28C3B /* Character.swift */; };
		0AF156F42A15693600B28C3B /* Thumbnail.swift in Sources */ = {isa = PBXBuildFile; fileRef = 0AF156F32A15693600B28C3B /* Thumbnail.swift */; };
		0AF156F62A156A5B00B28C3B /* CharacterResponse.swift in Sources */ = {isa = PBXBuildFile; fileRef = 0AF156F52A156A5B00B28C3B /* CharacterResponse.swift */; };
		0AF156FA2A156A9200B28C3B /* CharacterDetailsScreen.swift in Sources */ = {isa = PBXBuildFile; fileRef = 0AF156F92A156A9200B28C3B /* CharacterDetailsScreen.swift */; };
		0AF156FC2A156AD100B28C3B /* MarvelAPI.swift in Sources */ = {isa = PBXBuildFile; fileRef = 0AF156FB2A156AD100B28C3B /* MarvelAPI.swift */; };
		0AF156FE2A156AE100B28C3B /* MarvelAPIService.swift in Sources */ = {isa = PBXBuildFile; fileRef = 0AF156FD2A156AE100B28C3B /* MarvelAPIService.swift */; };
		0AF157012A156C2B00B28C3B /* String+MD5.swift in Sources */ = {isa = PBXBuildFile; fileRef = 0AF157002A156C2B00B28C3B /* String+MD5.swift */; };
		0AF157052A1588D000B28C3B /* CharacterViewModel.swift in Sources */ = {isa = PBXBuildFile; fileRef = 0AF157042A1588D000B28C3B /* CharacterViewModel.swift */; };
		0AF157082A15D41400B28C3B /* CharacterRowView.swift in Sources */ = {isa = PBXBuildFile; fileRef = 0AF157072A15D41400B28C3B /* CharacterRowView.swift */; };
/* End PBXBuildFile section */

/* Begin PBXContainerItemProxy section */
		0AF156D52A1567A700B28C3B /* PBXContainerItemProxy */ = {
			isa = PBXContainerItemProxy;
			containerPortal = 0AF156BB2A1567A500B28C3B /* Project object */;
			proxyType = 1;
			remoteGlobalIDString = 0AF156C22A1567A500B28C3B;
			remoteInfo = SwiftUIChallenge;
		};
		0AF156DF2A1567A700B28C3B /* PBXContainerItemProxy */ = {
			isa = PBXContainerItemProxy;
			containerPortal = 0AF156BB2A1567A500B28C3B /* Project object */;
			proxyType = 1;
			remoteGlobalIDString = 0AF156C22A1567A500B28C3B;
			remoteInfo = SwiftUIChallenge;
		};
/* End PBXContainerItemProxy section */

/* Begin PBXFileReference section */
		0AF156C32A1567A500B28C3B /* SwiftUIChallenge.app */ = {isa = PBXFileReference; explicitFileType = wrapper.application; includeInIndex = 0; path = SwiftUIChallenge.app; sourceTree = BUILT_PRODUCTS_DIR; };
		0AF156C62A1567A500B28C3B /* SwiftUIChallengeApp.swift */ = {isa = PBXFileReference; lastKnownFileType = sourcecode.swift; path = SwiftUIChallengeApp.swift; sourceTree = "<group>"; };
		0AF156C82A1567A500B28C3B /* ContentView.swift */ = {isa = PBXFileReference; lastKnownFileType = sourcecode.swift; path = ContentView.swift; sourceTree = "<group>"; };
		0AF156CA2A1567A700B28C3B /* Assets.xcassets */ = {isa = PBXFileReference; lastKnownFileType = folder.assetcatalog; path = Assets.xcassets; sourceTree = "<group>"; };
		0AF156CC2A1567A700B28C3B /* SwiftUIChallenge.entitlements */ = {isa = PBXFileReference; lastKnownFileType = text.plist.entitlements; path = SwiftUIChallenge.entitlements; sourceTree = "<group>"; };
		0AF156CE2A1567A700B28C3B /* Preview Assets.xcassets */ = {isa = PBXFileReference; lastKnownFileType = folder.assetcatalog; path = "Preview Assets.xcassets"; sourceTree = "<group>"; };
		0AF156D42A1567A700B28C3B /* SwiftUIChallengeTests.xctest */ = {isa = PBXFileReference; explicitFileType = wrapper.cfbundle; includeInIndex = 0; path = SwiftUIChallengeTests.xctest; sourceTree = BUILT_PRODUCTS_DIR; };
		0AF156D82A1567A700B28C3B /* SwiftUIChallengeTests.swift */ = {isa = PBXFileReference; lastKnownFileType = sourcecode.swift; path = SwiftUIChallengeTests.swift; sourceTree = "<group>"; };
		0AF156DE2A1567A700B28C3B /* SwiftUIChallengeUITests.xctest */ = {isa = PBXFileReference; explicitFileType = wrapper.cfbundle; includeInIndex = 0; path = SwiftUIChallengeUITests.xctest; sourceTree = BUILT_PRODUCTS_DIR; };
		0AF156E22A1567A700B28C3B /* SwiftUIChallengeUITests.swift */ = {isa = PBXFileReference; lastKnownFileType = sourcecode.swift; path = SwiftUIChallengeUITests.swift; sourceTree = "<group>"; };
		0AF156E42A1567A700B28C3B /* SwiftUIChallengeUITestsLaunchTests.swift */ = {isa = PBXFileReference; lastKnownFileType = sourcecode.swift; path = SwiftUIChallengeUITestsLaunchTests.swift; sourceTree = "<group>"; };
		0AF156F12A15692500B28C3B /* Character.swift */ = {isa = PBXFileReference; lastKnownFileType = sourcecode.swift; path = Character.swift; sourceTree = "<group>"; };
		0AF156F32A15693600B28C3B /* Thumbnail.swift */ = {isa = PBXFileReference; lastKnownFileType = sourcecode.swift; path = Thumbnail.swift; sourceTree = "<group>"; };
		0AF156F52A156A5B00B28C3B /* CharacterResponse.swift */ = {isa = PBXFileReference; lastKnownFileType = sourcecode.swift; path = CharacterResponse.swift; sourceTree = "<group>"; };
		0AF156F92A156A9200B28C3B /* CharacterDetailsScreen.swift */ = {isa = PBXFileReference; lastKnownFileType = sourcecode.swift; path = CharacterDetailsScreen.swift; sourceTree = "<group>"; };
		0AF156FB2A156AD100B28C3B /* MarvelAPI.swift */ = {isa = PBXFileReference; lastKnownFileType = sourcecode.swift; path = MarvelAPI.swift; sourceTree = "<group>"; };
		0AF156FD2A156AE100B28C3B /* MarvelAPIService.swift */ = {isa = PBXFileReference; lastKnownFileType = sourcecode.swift; path = MarvelAPIService.swift; sourceTree = "<group>"; };
		0AF157002A156C2B00B28C3B /* String+MD5.swift */ = {isa = PBXFileReference; lastKnownFileType = sourcecode.swift; path = "String+MD5.swift"; sourceTree = "<group>"; };
		0AF157032A157B6C00B28C3B /* Info.plist */ = {isa = PBXFileReference; lastKnownFileType = text.plist; path = Info.plist; sourceTree = "<group>"; };
		0AF157042A1588D000B28C3B /* CharacterViewModel.swift */ = {isa = PBXFileReference; lastKnownFileType = sourcecode.swift; path = CharacterViewModel.swift; sourceTree = "<group>"; };
		0AF157072A15D41400B28C3B /* CharacterRowView.swift */ = {isa = PBXFileReference; lastKnownFileType = sourcecode.swift; path = CharacterRowView.swift; sourceTree = "<group>"; };
/* End PBXFileReference section */

/* Begin PBXFrameworksBuildPhase section */
		0AF156C02A1567A500B28C3B /* Frameworks */ = {
			isa = PBXFrameworksBuildPhase;
			buildActionMask = 2147483647;
			files = (
			);
			runOnlyForDeploymentPostprocessing = 0;
		};
		0AF156D12A1567A700B28C3B /* Frameworks */ = {
			isa = PBXFrameworksBuildPhase;
			buildActionMask = 2147483647;
			files = (
			);
			runOnlyForDeploymentPostprocessing = 0;
		};
		0AF156DB2A1567A700B28C3B /* Frameworks */ = {
			isa = PBXFrameworksBuildPhase;
			buildActionMask = 2147483647;
			files = (
			);
			runOnlyForDeploymentPostprocessing = 0;
		};
/* End PBXFrameworksBuildPhase section */

/* Begin PBXGroup section */
		0AF156BA2A1567A500B28C3B = {
			isa = PBXGroup;
			children = (
				0AF156C52A1567A500B28C3B /* SwiftUIChallenge */,
				0AF156D72A1567A700B28C3B /* SwiftUIChallengeTests */,
				0AF156E12A1567A700B28C3B /* SwiftUIChallengeUITests */,
				0AF156C42A1567A500B28C3B /* Products */,
			);
			sourceTree = "<group>";
		};
		0AF156C42A1567A500B28C3B /* Products */ = {
			isa = PBXGroup;
			children = (
				0AF156C32A1567A500B28C3B /* SwiftUIChallenge.app */,
				0AF156D42A1567A700B28C3B /* SwiftUIChallengeTests.xctest */,
				0AF156DE2A1567A700B28C3B /* SwiftUIChallengeUITests.xctest */,
			);
			name = Products;
			sourceTree = "<group>";
		};
		0AF156C52A1567A500B28C3B /* SwiftUIChallenge */ = {
			isa = PBXGroup;
			children = (
				0AF157022A156C3000B28C3B /* Extensions */,
				0AF156F72A156A6600B28C3B /* Model */,
				0AF157062A1588DB00B28C3B /* ViewModels */,
				0AF156FF2A156AE800B28C3B /* APIService */,
				0AF157092A15D41A00B28C3B /* Views */,
				0AF156F82A156A7900B28C3B /* Screens */,
				0AF156C62A1567A500B28C3B /* SwiftUIChallengeApp.swift */,
				0AF156CA2A1567A700B28C3B /* Assets.xcassets */,
				0AF156CC2A1567A700B28C3B /* SwiftUIChallenge.entitlements */,
				0AF157032A157B6C00B28C3B /* Info.plist */,
				0AF156CD2A1567A700B28C3B /* Preview Content */,
			);
			path = SwiftUIChallenge;
			sourceTree = "<group>";
		};
		0AF156CD2A1567A700B28C3B /* Preview Content */ = {
			isa = PBXGroup;
			children = (
				0AF156CE2A1567A700B28C3B /* Preview Assets.xcassets */,
			);
			path = "Preview Content";
			sourceTree = "<group>";
		};
		0AF156D72A1567A700B28C3B /* SwiftUIChallengeTests */ = {
			isa = PBXGroup;
			children = (
				0AF156D82A1567A700B28C3B /* SwiftUIChallengeTests.swift */,
			);
			path = SwiftUIChallengeTests;
			sourceTree = "<group>";
		};
		0AF156E12A1567A700B28C3B /* SwiftUIChallengeUITests */ = {
			isa = PBXGroup;
			children = (
				0AF156E22A1567A700B28C3B /* SwiftUIChallengeUITests.swift */,
				0AF156E42A1567A700B28C3B /* SwiftUIChallengeUITestsLaunchTests.swift */,
			);
			path = SwiftUIChallengeUITests;
			sourceTree = "<group>";
		};
		0AF156F72A156A6600B28C3B /* Model */ = {
			isa = PBXGroup;
			children = (
				0AF156F52A156A5B00B28C3B /* CharacterResponse.swift */,
				0AF156F12A15692500B28C3B /* Character.swift */,
				0AF156F32A15693600B28C3B /* Thumbnail.swift */,
			);
			path = Model;
			sourceTree = "<group>";
		};
		0AF156F82A156A7900B28C3B /* Screens */ = {
			isa = PBXGroup;
			children = (
				0AF156C82A1567A500B28C3B /* ContentView.swift */,
				0AF156F92A156A9200B28C3B /* CharacterDetailsScreen.swift */,
			);
			path = Screens;
			sourceTree = "<group>";
		};
		0AF156FF2A156AE800B28C3B /* APIService */ = {
			isa = PBXGroup;
			children = (
				0AF156FB2A156AD100B28C3B /* MarvelAPI.swift */,
				0AF156FD2A156AE100B28C3B /* MarvelAPIService.swift */,
			);
			path = APIService;
			sourceTree = "<group>";
		};
		0AF157022A156C3000B28C3B /* Extensions */ = {
			isa = PBXGroup;
			children = (
				0AF157002A156C2B00B28C3B /* String+MD5.swift */,
			);
			path = Extensions;
			sourceTree = "<group>";
		};
		0AF157062A1588DB00B28C3B /* ViewModels */ = {
			isa = PBXGroup;
			children = (
				0AF157042A1588D000B28C3B /* CharacterViewModel.swift */,
			);
			path = ViewModels;
			sourceTree = "<group>";
		};
		0AF157092A15D41A00B28C3B /* Views */ = {
			isa = PBXGroup;
			children = (
				0AF157072A15D41400B28C3B /* CharacterRowView.swift */,
			);
			path = Views;
			sourceTree = "<group>";
		};
/* End PBXGroup section */

/* Begin PBXNativeTarget section */
		0AF156C22A1567A500B28C3B /* SwiftUIChallenge */ = {
			isa = PBXNativeTarget;
			buildConfigurationList = 0AF156E82A1567A700B28C3B /* Build configuration list for PBXNativeTarget "SwiftUIChallenge" */;
			buildPhases = (
				0AF156BF2A1567A500B28C3B /* Sources */,
				0AF156C02A1567A500B28C3B /* Frameworks */,
				0AF156C12A1567A500B28C3B /* Resources */,
			);
			buildRules = (
			);
			dependencies = (
			);
			name = SwiftUIChallenge;
			productName = SwiftUIChallenge;
			productReference = 0AF156C32A1567A500B28C3B /* SwiftUIChallenge.app */;
			productType = "com.apple.product-type.application";
		};
		0AF156D32A1567A700B28C3B /* SwiftUIChallengeTests */ = {
			isa = PBXNativeTarget;
			buildConfigurationList = 0AF156EB2A1567A700B28C3B /* Build configuration list for PBXNativeTarget "SwiftUIChallengeTests" */;
			buildPhases = (
				0AF156D02A1567A700B28C3B /* Sources */,
				0AF156D12A1567A700B28C3B /* Frameworks */,
				0AF156D22A1567A700B28C3B /* Resources */,
			);
			buildRules = (
			);
			dependencies = (
				0AF156D62A1567A700B28C3B /* PBXTargetDependency */,
			);
			name = SwiftUIChallengeTests;
			productName = SwiftUIChallengeTests;
			productReference = 0AF156D42A1567A700B28C3B /* SwiftUIChallengeTests.xctest */;
			productType = "com.apple.product-type.bundle.unit-test";
		};
		0AF156DD2A1567A700B28C3B /* SwiftUIChallengeUITests */ = {
			isa = PBXNativeTarget;
			buildConfigurationList = 0AF156EE2A1567A700B28C3B /* Build configuration list for PBXNativeTarget "SwiftUIChallengeUITests" */;
			buildPhases = (
				0AF156DA2A1567A700B28C3B /* Sources */,
				0AF156DB2A1567A700B28C3B /* Frameworks */,
				0AF156DC2A1567A700B28C3B /* Resources */,
			);
			buildRules = (
			);
			dependencies = (
				0AF156E02A1567A700B28C3B /* PBXTargetDependency */,
			);
			name = SwiftUIChallengeUITests;
			productName = SwiftUIChallengeUITests;
			productReference = 0AF156DE2A1567A700B28C3B /* SwiftUIChallengeUITests.xctest */;
			productType = "com.apple.product-type.bundle.ui-testing";
		};
/* End PBXNativeTarget section */

/* Begin PBXProject section */
		0AF156BB2A1567A500B28C3B /* Project object */ = {
			isa = PBXProject;
			attributes = {
				BuildIndependentTargetsInParallel = 1;
				LastSwiftUpdateCheck = 1430;
				LastUpgradeCheck = 1430;
				TargetAttributes = {
					0AF156C22A1567A500B28C3B = {
						CreatedOnToolsVersion = 14.3;
					};
					0AF156D32A1567A700B28C3B = {
						CreatedOnToolsVersion = 14.3;
						TestTargetID = 0AF156C22A1567A500B28C3B;
					};
					0AF156DD2A1567A700B28C3B = {
						CreatedOnToolsVersion = 14.3;
						TestTargetID = 0AF156C22A1567A500B28C3B;
					};
				};
			};
			buildConfigurationList = 0AF156BE2A1567A500B28C3B /* Build configuration list for PBXProject "SwiftUIChallenge" */;
			compatibilityVersion = "Xcode 14.0";
			developmentRegion = en;
			hasScannedForEncodings = 0;
			knownRegions = (
				en,
				Base,
			);
			mainGroup = 0AF156BA2A1567A500B28C3B;
			productRefGroup = 0AF156C42A1567A500B28C3B /* Products */;
			projectDirPath = "";
			projectRoot = "";
			targets = (
				0AF156C22A1567A500B28C3B /* SwiftUIChallenge */,
				0AF156D32A1567A700B28C3B /* SwiftUIChallengeTests */,
				0AF156DD2A1567A700B28C3B /* SwiftUIChallengeUITests */,
			);
		};
/* End PBXProject section */

/* Begin PBXResourcesBuildPhase section */
		0AF156C12A1567A500B28C3B /* Resources */ = {
			isa = PBXResourcesBuildPhase;
			buildActionMask = 2147483647;
			files = (
				0AF156CF2A1567A700B28C3B /* Preview Assets.xcassets in Resources */,
				0AF156CB2A1567A700B28C3B /* Assets.xcassets in Resources */,
			);
			runOnlyForDeploymentPostprocessing = 0;
		};
		0AF156D22A1567A700B28C3B /* Resources */ = {
			isa = PBXResourcesBuildPhase;
			buildActionMask = 2147483647;
			files = (
			);
			runOnlyForDeploymentPostprocessing = 0;
		};
		0AF156DC2A1567A700B28C3B /* Resources */ = {
			isa = PBXResourcesBuildPhase;
			buildActionMask = 2147483647;
			files = (
			);
			runOnlyForDeploymentPostprocessing = 0;
		};
/* End PBXResourcesBuildPhase section */

/* Begin PBXSourcesBuildPhase section */
		0AF156BF2A1567A500B28C3B /* Sources */ = {
			isa = PBXSourcesBuildPhase;
			buildActionMask = 2147483647;
			files = (
				0AF157082A15D41400B28C3B /* CharacterRowView.swift in Sources */,
				0AF156F22A15692500B28C3B /* Character.swift in Sources */,
				0AF156C92A1567A500B28C3B /* ContentView.swift in Sources */,
				0AF156FA2A156A9200B28C3B /* CharacterDetailsScreen.swift in Sources */,
				0AF157012A156C2B00B28C3B /* String+MD5.swift in Sources */,
				0AF156F62A156A5B00B28C3B /* CharacterResponse.swift in Sources */,
				0AF156F42A15693600B28C3B /* Thumbnail.swift in Sources */,
				0AF157052A1588D000B28C3B /* CharacterViewModel.swift in Sources */,
				0AF156FC2A156AD100B28C3B /* MarvelAPI.swift in Sources */,
				0AF156FE2A156AE100B28C3B /* MarvelAPIService.swift in Sources */,
				0AF156C72A1567A500B28C3B /* SwiftUIChallengeApp.swift in Sources */,
			);
			runOnlyForDeploymentPostprocessing = 0;
		};
		0AF156D02A1567A700B28C3B /* Sources */ = {
			isa = PBXSourcesBuildPhase;
			buildActionMask = 2147483647;
			files = (
				0AF156D92A1567A700B28C3B /* SwiftUIChallengeTests.swift in Sources */,
			);
			runOnlyForDeploymentPostprocessing = 0;
		};
		0AF156DA2A1567A700B28C3B /* Sources */ = {
			isa = PBXSourcesBuildPhase;
			buildActionMask = 2147483647;
			files = (
				0AF156E52A1567A700B28C3B /* SwiftUIChallengeUITestsLaunchTests.swift in Sources */,
				0AF156E32A1567A700B28C3B /* SwiftUIChallengeUITests.swift in Sources */,
			);
			runOnlyForDeploymentPostprocessing = 0;
		};
/* End PBXSourcesBuildPhase section */

/* Begin PBXTargetDependency section */
		0AF156D62A1567A700B28C3B /* PBXTargetDependency */ = {
			isa = PBXTargetDependency;
			target = 0AF156C22A1567A500B28C3B /* SwiftUIChallenge */;
			targetProxy = 0AF156D52A1567A700B28C3B /* PBXContainerItemProxy */;
		};
		0AF156E02A1567A700B28C3B /* PBXTargetDependency */ = {
			isa = PBXTargetDependency;
			target = 0AF156C22A1567A500B28C3B /* SwiftUIChallenge */;
			targetProxy = 0AF156DF2A1567A700B28C3B /* PBXContainerItemProxy */;
		};
/* End PBXTargetDependency section */

/* Begin XCBuildConfiguration section */
		0AF156E62A1567A700B28C3B /* Debug */ = {
			isa = XCBuildConfiguration;
			buildSettings = {
				ALWAYS_SEARCH_USER_PATHS = NO;
				CLANG_ANALYZER_NONNULL = YES;
				CLANG_ANALYZER_NUMBER_OBJECT_CONVERSION = YES_AGGRESSIVE;
				CLANG_CXX_LANGUAGE_STANDARD = "gnu++20";
				CLANG_ENABLE_MODULES = YES;
				CLANG_ENABLE_OBJC_ARC = YES;
				CLANG_ENABLE_OBJC_WEAK = YES;
				CLANG_WARN_BLOCK_CAPTURE_AUTORELEASING = YES;
				CLANG_WARN_BOOL_CONVERSION = YES;
				CLANG_WARN_COMMA = YES;
				CLANG_WARN_CONSTANT_CONVERSION = YES;
				CLANG_WARN_DEPRECATED_OBJC_IMPLEMENTATIONS = YES;
				CLANG_WARN_DIRECT_OBJC_ISA_USAGE = YES_ERROR;
				CLANG_WARN_DOCUMENTATION_COMMENTS = YES;
				CLANG_WARN_EMPTY_BODY = YES;
				CLANG_WARN_ENUM_CONVERSION = YES;
				CLANG_WARN_INFINITE_RECURSION = YES;
				CLANG_WARN_INT_CONVERSION = YES;
				CLANG_WARN_NON_LITERAL_NULL_CONVERSION = YES;
				CLANG_WARN_OBJC_IMPLICIT_RETAIN_SELF = YES;
				CLANG_WARN_OBJC_LITERAL_CONVERSION = YES;
				CLANG_WARN_OBJC_ROOT_CLASS = YES_ERROR;
				CLANG_WARN_QUOTED_INCLUDE_IN_FRAMEWORK_HEADER = YES;
				CLANG_WARN_RANGE_LOOP_ANALYSIS = YES;
				CLANG_WARN_STRICT_PROTOTYPES = YES;
				CLANG_WARN_SUSPICIOUS_MOVE = YES;
				CLANG_WARN_UNGUARDED_AVAILABILITY = YES_AGGRESSIVE;
				CLANG_WARN_UNREACHABLE_CODE = YES;
				CLANG_WARN__DUPLICATE_METHOD_MATCH = YES;
				COPY_PHASE_STRIP = NO;
				DEBUG_INFORMATION_FORMAT = dwarf;
				ENABLE_STRICT_OBJC_MSGSEND = YES;
				ENABLE_TESTABILITY = YES;
				GCC_C_LANGUAGE_STANDARD = gnu11;
				GCC_DYNAMIC_NO_PIC = NO;
				GCC_NO_COMMON_BLOCKS = YES;
				GCC_OPTIMIZATION_LEVEL = 0;
				GCC_PREPROCESSOR_DEFINITIONS = (
					"DEBUG=1",
					"$(inherited)",
				);
				GCC_WARN_64_TO_32_BIT_CONVERSION = YES;
				GCC_WARN_ABOUT_RETURN_TYPE = YES_ERROR;
				GCC_WARN_UNDECLARED_SELECTOR = YES;
				GCC_WARN_UNINITIALIZED_AUTOS = YES_AGGRESSIVE;
				GCC_WARN_UNUSED_FUNCTION = YES;
				GCC_WARN_UNUSED_VARIABLE = YES;
				MTL_ENABLE_DEBUG_INFO = INCLUDE_SOURCE;
				MTL_FAST_MATH = YES;
				ONLY_ACTIVE_ARCH = YES;
				SWIFT_ACTIVE_COMPILATION_CONDITIONS = DEBUG;
				SWIFT_OPTIMIZATION_LEVEL = "-Onone";
			};
			name = Debug;
		};
		0AF156E72A1567A700B28C3B /* Release */ = {
			isa = XCBuildConfiguration;
			buildSettings = {
				ALWAYS_SEARCH_USER_PATHS = NO;
				CLANG_ANALYZER_NONNULL = YES;
				CLANG_ANALYZER_NUMBER_OBJECT_CONVERSION = YES_AGGRESSIVE;
				CLANG_CXX_LANGUAGE_STANDARD = "gnu++20";
				CLANG_ENABLE_MODULES = YES;
				CLANG_ENABLE_OBJC_ARC = YES;
				CLANG_ENABLE_OBJC_WEAK = YES;
				CLANG_WARN_BLOCK_CAPTURE_AUTORELEASING = YES;
				CLANG_WARN_BOOL_CONVERSION = YES;
				CLANG_WARN_COMMA = YES;
				CLANG_WARN_CONSTANT_CONVERSION = YES;
				CLANG_WARN_DEPRECATED_OBJC_IMPLEMENTATIONS = YES;
				CLANG_WARN_DIRECT_OBJC_ISA_USAGE = YES_ERROR;
				CLANG_WARN_DOCUMENTATION_COMMENTS = YES;
				CLANG_WARN_EMPTY_BODY = YES;
				CLANG_WARN_ENUM_CONVERSION = YES;
				CLANG_WARN_INFINITE_RECURSION = YES;
				CLANG_WARN_INT_CONVERSION = YES;
				CLANG_WARN_NON_LITERAL_NULL_CONVERSION = YES;
				CLANG_WARN_OBJC_IMPLICIT_RETAIN_SELF = YES;
				CLANG_WARN_OBJC_LITERAL_CONVERSION = YES;
				CLANG_WARN_OBJC_ROOT_CLASS = YES_ERROR;
				CLANG_WARN_QUOTED_INCLUDE_IN_FRAMEWORK_HEADER = YES;
				CLANG_WARN_RANGE_LOOP_ANALYSIS = YES;
				CLANG_WARN_STRICT_PROTOTYPES = YES;
				CLANG_WARN_SUSPICIOUS_MOVE = YES;
				CLANG_WARN_UNGUARDED_AVAILABILITY = YES_AGGRESSIVE;
				CLANG_WARN_UNREACHABLE_CODE = YES;
				CLANG_WARN__DUPLICATE_METHOD_MATCH = YES;
				COPY_PHASE_STRIP = NO;
				DEBUG_INFORMATION_FORMAT = "dwarf-with-dsym";
				ENABLE_NS_ASSERTIONS = NO;
				ENABLE_STRICT_OBJC_MSGSEND = YES;
				GCC_C_LANGUAGE_STANDARD = gnu11;
				GCC_NO_COMMON_BLOCKS = YES;
				GCC_WARN_64_TO_32_BIT_CONVERSION = YES;
				GCC_WARN_ABOUT_RETURN_TYPE = YES_ERROR;
				GCC_WARN_UNDECLARED_SELECTOR = YES;
				GCC_WARN_UNINITIALIZED_AUTOS = YES_AGGRESSIVE;
				GCC_WARN_UNUSED_FUNCTION = YES;
				GCC_WARN_UNUSED_VARIABLE = YES;
				MTL_ENABLE_DEBUG_INFO = NO;
				MTL_FAST_MATH = YES;
				SWIFT_COMPILATION_MODE = wholemodule;
				SWIFT_OPTIMIZATION_LEVEL = "-O";
			};
			name = Release;
		};
		0AF156E92A1567A700B28C3B /* Debug */ = {
			isa = XCBuildConfiguration;
			buildSettings = {
				ASSETCATALOG_COMPILER_APPICON_NAME = AppIcon;
				ASSETCATALOG_COMPILER_GLOBAL_ACCENT_COLOR_NAME = AccentColor;
				CODE_SIGN_ENTITLEMENTS = SwiftUIChallenge/SwiftUIChallenge.entitlements;
				CODE_SIGN_STYLE = Automatic;
				CURRENT_PROJECT_VERSION = 1;
				DEVELOPMENT_ASSET_PATHS = "\"SwiftUIChallenge/Preview Content\"";
				DEVELOPMENT_TEAM = V8SSGR3H48;
				ENABLE_HARDENED_RUNTIME = YES;
				ENABLE_PREVIEWS = YES;
				GENERATE_INFOPLIST_FILE = YES;
				INFOPLIST_FILE = SwiftUIChallenge/Info.plist;
				"INFOPLIST_KEY_UIApplicationSceneManifest_Generation[sdk=iphoneos*]" = YES;
				"INFOPLIST_KEY_UIApplicationSceneManifest_Generation[sdk=iphonesimulator*]" = YES;
				"INFOPLIST_KEY_UIApplicationSupportsIndirectInputEvents[sdk=iphoneos*]" = YES;
				"INFOPLIST_KEY_UIApplicationSupportsIndirectInputEvents[sdk=iphonesimulator*]" = YES;
				"INFOPLIST_KEY_UILaunchScreen_Generation[sdk=iphoneos*]" = YES;
				"INFOPLIST_KEY_UILaunchScreen_Generation[sdk=iphonesimulator*]" = YES;
				"INFOPLIST_KEY_UIStatusBarStyle[sdk=iphoneos*]" = UIStatusBarStyleDefault;
				"INFOPLIST_KEY_UIStatusBarStyle[sdk=iphonesimulator*]" = UIStatusBarStyleDefault;
				INFOPLIST_KEY_UISupportedInterfaceOrientations_iPad = "UIInterfaceOrientationPortrait UIInterfaceOrientationPortraitUpsideDown UIInterfaceOrientationLandscapeLeft UIInterfaceOrientationLandscapeRight";
				INFOPLIST_KEY_UISupportedInterfaceOrientations_iPhone = "UIInterfaceOrientationPortrait UIInterfaceOrientationLandscapeLeft UIInterfaceOrientationLandscapeRight";
				IPHONEOS_DEPLOYMENT_TARGET = 16.4;
				LD_RUNPATH_SEARCH_PATHS = "@executable_path/Frameworks";
				"LD_RUNPATH_SEARCH_PATHS[sdk=macosx*]" = "@executable_path/../Frameworks";
				MACOSX_DEPLOYMENT_TARGET = 13.3;
				MARKETING_VERSION = 1.0;
				PRODUCT_BUNDLE_IDENTIFIER = com.prophetstudios.SwiftUIChallenge;
				PRODUCT_NAME = "$(TARGET_NAME)";
				SDKROOT = auto;
				SUPPORTED_PLATFORMS = "iphoneos iphonesimulator macosx";
				SWIFT_EMIT_LOC_STRINGS = YES;
				SWIFT_VERSION = 5.0;
				TARGETED_DEVICE_FAMILY = "1,2";
			};
			name = Debug;
		};
		0AF156EA2A1567A700B28C3B /* Release */ = {
			isa = XCBuildConfiguration;
			buildSettings = {
				ASSETCATALOG_COMPILER_APPICON_NAME = AppIcon;
				ASSETCATALOG_COMPILER_GLOBAL_ACCENT_COLOR_NAME = AccentColor;
				CODE_SIGN_ENTITLEMENTS = SwiftUIChallenge/SwiftUIChallenge.entitlements;
				CODE_SIGN_STYLE = Automatic;
				CURRENT_PROJECT_VERSION = 1;
				DEVELOPMENT_ASSET_PATHS = "\"SwiftUIChallenge/Preview Content\"";
				DEVELOPMENT_TEAM = V8SSGR3H48;
				ENABLE_HARDENED_RUNTIME = YES;
				ENABLE_PREVIEWS = YES;
				GENERATE_INFOPLIST_FILE = YES;
				INFOPLIST_FILE = SwiftUIChallenge/Info.plist;
				"INFOPLIST_KEY_UIApplicationSceneManifest_Generation[sdk=iphoneos*]" = YES;
				"INFOPLIST_KEY_UIApplicationSceneManifest_Generation[sdk=iphonesimulator*]" = YES;
				"INFOPLIST_KEY_UIApplicationSupportsIndirectInputEvents[sdk=iphoneos*]" = YES;
				"INFOPLIST_KEY_UIApplicationSupportsIndirectInputEvents[sdk=iphonesimulator*]" = YES;
				"INFOPLIST_KEY_UILaunchScreen_Generation[sdk=iphoneos*]" = YES;
				"INFOPLIST_KEY_UILaunchScreen_Generation[sdk=iphonesimulator*]" = YES;
				"INFOPLIST_KEY_UIStatusBarStyle[sdk=iphoneos*]" = UIStatusBarStyleDefault;
				"INFOPLIST_KEY_UIStatusBarStyle[sdk=iphonesimulator*]" = UIStatusBarStyleDefault;
				INFOPLIST_KEY_UISupportedInterfaceOrientations_iPad = "UIInterfaceOrientationPortrait UIInterfaceOrientationPortraitUpsideDown UIInterfaceOrientationLandscapeLeft UIInterfaceOrientationLandscapeRight";
				INFOPLIST_KEY_UISupportedInterfaceOrientations_iPhone = "UIInterfaceOrientationPortrait UIInterfaceOrientationLandscapeLeft UIInterfaceOrientationLandscapeRight";
				IPHONEOS_DEPLOYMENT_TARGET = 16.4;
				LD_RUNPATH_SEARCH_PATHS = "@executable_path/Frameworks";
				"LD_RUNPATH_SEARCH_PATHS[sdk=macosx*]" = "@executable_path/../Frameworks";
				MACOSX_DEPLOYMENT_TARGET = 13.3;
				MARKETING_VERSION = 1.0;
				PRODUCT_BUNDLE_IDENTIFIER = com.prophetstudios.SwiftUIChallenge;
				PRODUCT_NAME = "$(TARGET_NAME)";
				SDKROOT = auto;
				SUPPORTED_PLATFORMS = "iphoneos iphonesimulator macosx";
				SWIFT_EMIT_LOC_STRINGS = YES;
				SWIFT_VERSION = 5.0;
				TARGETED_DEVICE_FAMILY = "1,2";
			};
			name = Release;
		};
		0AF156EC2A1567A700B28C3B /* Debug */ = {
			isa = XCBuildConfiguration;
			buildSettings = {
				ALWAYS_EMBED_SWIFT_STANDARD_LIBRARIES = YES;
				BUNDLE_LOADER = "$(TEST_HOST)";
				CODE_SIGN_STYLE = Automatic;
				CURRENT_PROJECT_VERSION = 1;
				DEVELOPMENT_TEAM = V8SSGR3H48;
				GENERATE_INFOPLIST_FILE = YES;
				IPHONEOS_DEPLOYMENT_TARGET = 16.4;
				MACOSX_DEPLOYMENT_TARGET = 13.3;
				MARKETING_VERSION = 1.0;
				PRODUCT_BUNDLE_IDENTIFIER = com.prophetstudios.SwiftUIChallengeTests;
				PRODUCT_NAME = "$(TARGET_NAME)";
				SDKROOT = auto;
				SUPPORTED_PLATFORMS = "iphoneos iphonesimulator macosx";
				SWIFT_EMIT_LOC_STRINGS = NO;
				SWIFT_VERSION = 5.0;
				TARGETED_DEVICE_FAMILY = "1,2";
				TEST_HOST = "$(BUILT_PRODUCTS_DIR)/SwiftUIChallenge.app/$(BUNDLE_EXECUTABLE_FOLDER_PATH)/SwiftUIChallenge";
			};
			name = Debug;
		};
		0AF156ED2A1567A700B28C3B /* Release */ = {
			isa = XCBuildConfiguration;
			buildSettings = {
				ALWAYS_EMBED_SWIFT_STANDARD_LIBRARIES = YES;
				BUNDLE_LOADER = "$(TEST_HOST)";
				CODE_SIGN_STYLE = Automatic;
				CURRENT_PROJECT_VERSION = 1;
				DEVELOPMENT_TEAM = V8SSGR3H48;
				GENERATE_INFOPLIST_FILE = YES;
				IPHONEOS_DEPLOYMENT_TARGET = 16.4;
				MACOSX_DEPLOYMENT_TARGET = 13.3;
				MARKETING_VERSION = 1.0;
				PRODUCT_BUNDLE_IDENTIFIER = com.prophetstudios.SwiftUIChallengeTests;
				PRODUCT_NAME = "$(TARGET_NAME)";
				SDKROOT = auto;
				SUPPORTED_PLATFORMS = "iphoneos iphonesimulator macosx";
				SWIFT_EMIT_LOC_STRINGS = NO;
				SWIFT_VERSION = 5.0;
				TARGETED_DEVICE_FAMILY = "1,2";
				TEST_HOST = "$(BUILT_PRODUCTS_DIR)/SwiftUIChallenge.app/$(BUNDLE_EXECUTABLE_FOLDER_PATH)/SwiftUIChallenge";
			};
			name = Release;
		};
		0AF156EF2A1567A700B28C3B /* Debug */ = {
			isa = XCBuildConfiguration;
			buildSettings = {
				ALWAYS_EMBED_SWIFT_STANDARD_LIBRARIES = YES;
				CODE_SIGN_STYLE = Automatic;
				CURRENT_PROJECT_VERSION = 1;
				DEVELOPMENT_TEAM = V8SSGR3H48;
				GENERATE_INFOPLIST_FILE = YES;
				IPHONEOS_DEPLOYMENT_TARGET = 16.4;
				MACOSX_DEPLOYMENT_TARGET = 13.3;
				MARKETING_VERSION = 1.0;
				PRODUCT_BUNDLE_IDENTIFIER = com.prophetstudios.SwiftUIChallengeUITests;
				PRODUCT_NAME = "$(TARGET_NAME)";
				SDKROOT = auto;
				SUPPORTED_PLATFORMS = "iphoneos iphonesimulator macosx";
				SWIFT_EMIT_LOC_STRINGS = NO;
				SWIFT_VERSION = 5.0;
				TARGETED_DEVICE_FAMILY = "1,2";
				TEST_TARGET_NAME = SwiftUIChallenge;
			};
			name = Debug;
		};
		0AF156F02A1567A700B28C3B /* Release */ = {
			isa = XCBuildConfiguration;
			buildSettings = {
				ALWAYS_EMBED_SWIFT_STANDARD_LIBRARIES = YES;
				CODE_SIGN_STYLE = Automatic;
				CURRENT_PROJECT_VERSION = 1;
				DEVELOPMENT_TEAM = V8SSGR3H48;
				GENERATE_INFOPLIST_FILE = YES;
				IPHONEOS_DEPLOYMENT_TARGET = 16.4;
				MACOSX_DEPLOYMENT_TARGET = 13.3;
				MARKETING_VERSION = 1.0;
				PRODUCT_BUNDLE_IDENTIFIER = com.prophetstudios.SwiftUIChallengeUITests;
				PRODUCT_NAME = "$(TARGET_NAME)";
				SDKROOT = auto;
				SUPPORTED_PLATFORMS = "iphoneos iphonesimulator macosx";
				SWIFT_EMIT_LOC_STRINGS = NO;
				SWIFT_VERSION = 5.0;
				TARGETED_DEVICE_FAMILY = "1,2";
				TEST_TARGET_NAME = SwiftUIChallenge;
			};
			name = Release;
		};
/* End XCBuildConfiguration section */

/* Begin XCConfigurationList section */
		0AF156BE2A1567A500B28C3B /* Build configuration list for PBXProject "SwiftUIChallenge" */ = {
			isa = XCConfigurationList;
			buildConfigurations = (
				0AF156E62A1567A700B28C3B /* Debug */,
				0AF156E72A1567A700B28C3B /* Release */,
			);
			defaultConfigurationIsVisible = 0;
			defaultConfigurationName = Release;
		};
		0AF156E82A1567A700B28C3B /* Build configuration list for PBXNativeTarget "SwiftUIChallenge" */ = {
			isa = XCConfigurationList;
			buildConfigurations = (
				0AF156E92A1567A700B28C3B /* Debug */,
				0AF156EA2A1567A700B28C3B /* Release */,
			);
			defaultConfigurationIsVisible = 0;
			defaultConfigurationName = Release;
		};
		0AF156EB2A1567A700B28C3B /* Build configuration list for PBXNativeTarget "SwiftUIChallengeTests" */ = {
			isa = XCConfigurationList;
			buildConfigurations = (
				0AF156EC2A1567A700B28C3B /* Debug */,
				0AF156ED2A1567A700B28C3B /* Release */,
			);
			defaultConfigurationIsVisible = 0;
			defaultConfigurationName = Release;
		};
		0AF156EE2A1567A700B28C3B /* Build configuration list for PBXNativeTarget "SwiftUIChallengeUITests" */ = {
			isa = XCConfigurationList;
			buildConfigurations = (
				0AF156EF2A1567A700B28C3B /* Debug */,
				0AF156F02A1567A700B28C3B /* Release */,
			);
			defaultConfigurationIsVisible = 0;
			defaultConfigurationName = Release;
		};
/* End XCConfigurationList section */
	};
	rootObject = 0AF156BB2A1567A500B28C3B /* Project object */;
}
